github.com/dgrijalva/jwt-go v1.0.2 h1:KPldsxuKGsS2FPWsNeg9ZO18aCrGKujPoWXn2yo+KQM=
github.com/dgrijalva/jwt-go v3.2.0+incompatible h1:7qlOGliEKZXTDg6OTjfoBKDXWrumCAMpl/TFQ4/5kLM=
github.com/dgrijalva/jwt-go v3.2.0+incompatible/go.mod h1:E3ru+11k8xSBh+hMPgOLZmtrrCbhqsmaPHjLKYnJCaQ=
github.com/go-chi/chi v1.0.0 h1:s/kv1cTXfivYjdKJdyUzNGyAWZ/2t7duW1gKn5ivu+c=
github.com/go-chi/chi v4.1.2+incompatible h1:fGFk2Gmi/YKXk0OmGfBh0WgmN3XB8lVnEyNz34tQRec=
github.com/go-chi/chi v4.1.2+incompatible/go.mod h1:eB3wogJHnLi3x/kFX2A+IbTBlXxmMeXJVKy9tTv1XzQ=
github.com/go-chi/jwtauth v4.0.4+incompatible h1:LGIxg6YfvSBzxU2BljXbrzVc1fMlgqSKBQgKOGAVtPY=
github.com/go-chi/jwtauth v4.0.4+incompatible/go.mod h1:Q5EIArY/QnD6BdS+IyDw7B2m6iNbnPxtfd6/BcmtWbs=
github.com/lib/pq v1.7.1 h1:FvD5XTVTDt+KON6oIoOmHq6B6HzGuYEhuTMpEG0yuBQ=
github.com/lib/pq v1.7.1/go.mod h1:AlVN5x4E4T544tWzH6hKfbfQvm3HdbOxrmggDNAPY9o=
github.com/ndv6/tsaving v0.0.0-20200721112146-e49bb26f5779 h1:gD9F71Fn9H1fOBUcH/WBfM8q/d5vBfS/e77kwBzNfFg=
github.com/ndv6/tsaving v0.0.0-20200721112146-e49bb26f5779/go.mod h1:mLwHh2BCkWdOXq3E8/KfFPVEOhaI0aQWRzeiaFIYa6s=
